// !$*UTF8*$!
{
	archiveVersion = 1;
	classes = {
	};
	objectVersion = 46;
	objects = {

/* Begin PBXBuildFile section */
		CC5029EC1F58C2A800B63C14 /* AppDelegate.swift in Sources */ = {isa = PBXBuildFile; fileRef = CC5029EB1F58C2A800B63C14 /* AppDelegate.swift */; };
		CC5029EE1F58C2A800B63C14 /* ViewController.swift in Sources */ = {isa = PBXBuildFile; fileRef = CC5029ED1F58C2A800B63C14 /* ViewController.swift */; };
		CC5029F11F58C2A800B63C14 /* Main.storyboard in Resources */ = {isa = PBXBuildFile; fileRef = CC5029EF1F58C2A800B63C14 /* Main.storyboard */; };
		CC5029F31F58C2A800B63C14 /* Assets.xcassets in Resources */ = {isa = PBXBuildFile; fileRef = CC5029F21F58C2A800B63C14 /* Assets.xcassets */; };
		CC5029F61F58C2A800B63C14 /* LaunchScreen.storyboard in Resources */ = {isa = PBXBuildFile; fileRef = CC5029F41F58C2A800B63C14 /* LaunchScreen.storyboard */; };
		CC502A011F58C2A800B63C14 /* Hello_WorldTests.swift in Sources */ = {isa = PBXBuildFile; fileRef = CC502A001F58C2A800B63C14 /* Hello_WorldTests.swift */; };
		CC502A0C1F58C2A800B63C14 /* Hello_WorldUITests.swift in Sources */ = {isa = PBXBuildFile; fileRef = CC502A0B1F58C2A800B63C14 /* Hello_WorldUITests.swift */; };
/* End PBXBuildFile section */

/* Begin PBXContainerItemProxy section */
		CC5029FD1F58C2A800B63C14 /* PBXContainerItemProxy */ = {
			isa = PBXContainerItemProxy;
			containerPortal = CC5029E01F58C2A800B63C14 /* Project object */;
			proxyType = 1;
			remoteGlobalIDString = CC5029E71F58C2A800B63C14;
			remoteInfo = "Hello World";
		};
		CC502A081F58C2A800B63C14 /* PBXContainerItemProxy */ = {
			isa = PBXContainerItemProxy;
			containerPortal = CC5029E01F58C2A800B63C14 /* Project object */;
			proxyType = 1;
			remoteGlobalIDString = CC5029E71F58C2A800B63C14;
			remoteInfo = "Hello World";
		};
/* End PBXContainerItemProxy section */

/* Begin PBXFileReference section */
		CC5029E81F58C2A800B63C14 /* Hello World.app */ = {isa = PBXFileReference; explicitFileType = wrapper.application; includeInIndex = 0; path = "Hello World.app"; sourceTree = BUILT_PRODUCTS_DIR; };
		CC5029EB1F58C2A800B63C14 /* AppDelegate.swift */ = {isa = PBXFileReference; lastKnownFileType = sourcecode.swift; path = AppDelegate.swift; sourceTree = "<group>"; };
		CC5029ED1F58C2A800B63C14 /* ViewController.swift */ = {isa = PBXFileReference; lastKnownFileType = sourcecode.swift; path = ViewController.swift; sourceTree = "<group>"; };
		CC5029F01F58C2A800B63C14 /* Base */ = {isa = PBXFileReference; lastKnownFileType = file.storyboard; name = Base; path = Base.lproj/Main.storyboard; sourceTree = "<group>"; };
		CC5029F21F58C2A800B63C14 /* Assets.xcassets */ = {isa = PBXFileReference; lastKnownFileType = folder.assetcatalog; path = Assets.xcassets; sourceTree = "<group>"; };
		CC5029F51F58C2A800B63C14 /* Base */ = {isa = PBXFileReference; lastKnownFileType = file.storyboard; name = Base; path = Base.lproj/LaunchScreen.storyboard; sourceTree = "<group>"; };
		CC5029F71F58C2A800B63C14 /* Info.plist */ = {isa = PBXFileReference; lastKnownFileType = text.plist.xml; path = Info.plist; sourceTree = "<group>"; };
		CC5029FC1F58C2A800B63C14 /* Hello WorldTests.xctest */ = {isa = PBXFileReference; explicitFileType = wrapper.cfbundle; includeInIndex = 0; path = "Hello WorldTests.xctest"; sourceTree = BUILT_PRODUCTS_DIR; };
		CC502A001F58C2A800B63C14 /* Hello_WorldTests.swift */ = {isa = PBXFileReference; lastKnownFileType = sourcecode.swift; path = Hello_WorldTests.swift; sourceTree = "<group>"; };
		CC502A021F58C2A800B63C14 /* Info.plist */ = {isa = PBXFileReference; lastKnownFileType = text.plist.xml; path = Info.plist; sourceTree = "<group>"; };
		CC502A071F58C2A800B63C14 /* Hello WorldUITests.xctest */ = {isa = PBXFileReference; explicitFileType = wrapper.cfbundle; includeInIndex = 0; path = "Hello WorldUITests.xctest"; sourceTree = BUILT_PRODUCTS_DIR; };
		CC502A0B1F58C2A800B63C14 /* Hello_WorldUITests.swift */ = {isa = PBXFileReference; lastKnownFileType = sourcecode.swift; path = Hello_WorldUITests.swift; sourceTree = "<group>"; };
		CC502A0D1F58C2A800B63C14 /* Info.plist */ = {isa = PBXFileReference; lastKnownFileType = text.plist.xml; path = Info.plist; sourceTree = "<group>"; };
/* End PBXFileReference section */

/* Begin PBXFrameworksBuildPhase section */
		CC5029E51F58C2A800B63C14 /* Frameworks */ = {
			isa = PBXFrameworksBuildPhase;
			buildActionMask = 2147483647;
			files = (
			);
			runOnlyForDeploymentPostprocessing = 0;
		};
		CC5029F91F58C2A800B63C14 /* Frameworks */ = {
			isa = PBXFrameworksBuildPhase;
			buildActionMask = 2147483647;
			files = (
			);
			runOnlyForDeploymentPostprocessing = 0;
		};
		CC502A041F58C2A800B63C14 /* Frameworks */ = {
			isa = PBXFrameworksBuildPhase;
			buildActionMask = 2147483647;
			files = (
			);
			runOnlyForDeploymentPostprocessing = 0;
		};
/* End PBXFrameworksBuildPhase section */

/* Begin PBXGroup section */
		CC5029DF1F58C2A800B63C14 = {
			isa = PBXGroup;
			children = (
				CC5029EA1F58C2A800B63C14 /* Hello World */,
				CC5029FF1F58C2A800B63C14 /* Hello WorldTests */,
				CC502A0A1F58C2A800B63C14 /* Hello WorldUITests */,
				CC5029E91F58C2A800B63C14 /* Products */,
			);
			sourceTree = "<group>";
		};
		CC5029E91F58C2A800B63C14 /* Products */ = {
			isa = PBXGroup;
			children = (
				CC5029E81F58C2A800B63C14 /* Hello World.app */,
				CC5029FC1F58C2A800B63C14 /* Hello WorldTests.xctest */,
				CC502A071F58C2A800B63C14 /* Hello WorldUITests.xctest */,
			);
			name = Products;
			sourceTree = "<group>";
		};
		CC5029EA1F58C2A800B63C14 /* Hello World */ = {
			isa = PBXGroup;
			children = (
				CC5029EB1F58C2A800B63C14 /* AppDelegate.swift */,
				CC5029ED1F58C2A800B63C14 /* ViewController.swift */,
				CC5029EF1F58C2A800B63C14 /* Main.storyboard */,
				CC5029F21F58C2A800B63C14 /* Assets.xcassets */,
				CC5029F41F58C2A800B63C14 /* LaunchScreen.storyboard */,
				CC5029F71F58C2A800B63C14 /* Info.plist */,
			);
			path = "Hello World";
			sourceTree = "<group>";
		};
		CC5029FF1F58C2A800B63C14 /* Hello WorldTests */ = {
			isa = PBXGroup;
			children = (
				CC502A001F58C2A800B63C14 /* Hello_WorldTests.swift */,
				CC502A021F58C2A800B63C14 /* Info.plist */,
			);
			path = "Hello WorldTests";
			sourceTree = "<group>";
		};
		CC502A0A1F58C2A800B63C14 /* Hello WorldUITests */ = {
			isa = PBXGroup;
			children = (
				CC502A0B1F58C2A800B63C14 /* Hello_WorldUITests.swift */,
				CC502A0D1F58C2A800B63C14 /* Info.plist */,
			);
			path = "Hello WorldUITests";
			sourceTree = "<group>";
		};
/* End PBXGroup section */

/* Begin PBXNativeTarget section */
		CC5029E71F58C2A800B63C14 /* Hello World */ = {
			isa = PBXNativeTarget;
			buildConfigurationList = CC502A101F58C2A800B63C14 /* Build configuration list for PBXNativeTarget "Hello World" */;
			buildPhases = (
				CC5029E41F58C2A800B63C14 /* Sources */,
				CC5029E51F58C2A800B63C14 /* Frameworks */,
				CC5029E61F58C2A800B63C14 /* Resources */,
			);
			buildRules = (
			);
			dependencies = (
			);
			name = "Hello World";
			productName = "Hello World";
			productReference = CC5029E81F58C2A800B63C14 /* Hello World.app */;
			productType = "com.apple.product-type.application";
		};
		CC5029FB1F58C2A800B63C14 /* Hello WorldTests */ = {
			isa = PBXNativeTarget;
			buildConfigurationList = CC502A131F58C2A800B63C14 /* Build configuration list for PBXNativeTarget "Hello WorldTests" */;
			buildPhases = (
				CC5029F81F58C2A800B63C14 /* Sources */,
				CC5029F91F58C2A800B63C14 /* Frameworks */,
				CC5029FA1F58C2A800B63C14 /* Resources */,
			);
			buildRules = (
			);
			dependencies = (
				CC5029FE1F58C2A800B63C14 /* PBXTargetDependency */,
			);
			name = "Hello WorldTests";
			productName = "Hello WorldTests";
			productReference = CC5029FC1F58C2A800B63C14 /* Hello WorldTests.xctest */;
			productType = "com.apple.product-type.bundle.unit-test";
		};
		CC502A061F58C2A800B63C14 /* Hello WorldUITests */ = {
			isa = PBXNativeTarget;
			buildConfigurationList = CC502A161F58C2A800B63C14 /* Build configuration list for PBXNativeTarget "Hello WorldUITests" */;
			buildPhases = (
				CC502A031F58C2A800B63C14 /* Sources */,
				CC502A041F58C2A800B63C14 /* Frameworks */,
				CC502A051F58C2A800B63C14 /* Resources */,
			);
			buildRules = (
			);
			dependencies = (
				CC502A091F58C2A800B63C14 /* PBXTargetDependency */,
			);
			name = "Hello WorldUITests";
			productName = "Hello WorldUITests";
			productReference = CC502A071F58C2A800B63C14 /* Hello WorldUITests.xctest */;
			productType = "com.apple.product-type.bundle.ui-testing";
		};
/* End PBXNativeTarget section */

/* Begin PBXProject section */
		CC5029E01F58C2A800B63C14 /* Project object */ = {
			isa = PBXProject;
			attributes = {
				LastSwiftUpdateCheck = 0830;
				LastUpgradeCheck = 0830;
				ORGANIZATIONNAME = "Kean M";
				TargetAttributes = {
					CC5029E71F58C2A800B63C14 = {
						CreatedOnToolsVersion = 8.3.3;
						ProvisioningStyle = Automatic;
					};
					CC5029FB1F58C2A800B63C14 = {
						CreatedOnToolsVersion = 8.3.3;
						ProvisioningStyle = Automatic;
						TestTargetID = CC5029E71F58C2A800B63C14;
					};
					CC502A061F58C2A800B63C14 = {
						CreatedOnToolsVersion = 8.3.3;
						ProvisioningStyle = Automatic;
						TestTargetID = CC5029E71F58C2A800B63C14;
					};
				};
			};
			buildConfigurationList = CC5029E31F58C2A800B63C14 /* Build configuration list for PBXProject "Hello World" */;
			compatibilityVersion = "Xcode 3.2";
			developmentRegion = English;
			hasScannedForEncodings = 0;
			knownRegions = (
				en,
				Base,
			);
			mainGroup = CC5029DF1F58C2A800B63C14;
			productRefGroup = CC5029E91F58C2A800B63C14 /* Products */;
			projectDirPath = "";
			projectRoot = "";
			targets = (
				CC5029E71F58C2A800B63C14 /* Hello World */,
				CC5029FB1F58C2A800B63C14 /* Hello WorldTests */,
				CC502A061F58C2A800B63C14 /* Hello WorldUITests */,
			);
		};
/* End PBXProject section */

/* Begin PBXResourcesBuildPhase section */
		CC5029E61F58C2A800B63C14 /* Resources */ = {
			isa = PBXResourcesBuildPhase;
			buildActionMask = 2147483647;
			files = (
				CC5029F61F58C2A800B63C14 /* LaunchScreen.storyboard in Resources */,
				CC5029F31F58C2A800B63C14 /* Assets.xcassets in Resources */,
				CC5029F11F58C2A800B63C14 /* Main.storyboard in Resources */,
			);
			runOnlyForDeploymentPostprocessing = 0;
		};
		CC5029FA1F58C2A800B63C14 /* Resources */ = {
			isa = PBXResourcesBuildPhase;
			buildActionMask = 2147483647;
			files = (
			);
			runOnlyForDeploymentPostprocessing = 0;
		};
		CC502A051F58C2A800B63C14 /* Resources */ = {
			isa = PBXResourcesBuildPhase;
			buildActionMask = 2147483647;
			files = (
			);
			runOnlyForDeploymentPostprocessing = 0;
		};
/* End PBXResourcesBuildPhase section */

/* Begin PBXSourcesBuildPhase section */
		CC5029E41F58C2A800B63C14 /* Sources */ = {
			isa = PBXSourcesBuildPhase;
			buildActionMask = 2147483647;
			files = (
				CC5029EE1F58C2A800B63C14 /* ViewController.swift in Sources */,
				CC5029EC1F58C2A800B63C14 /* AppDelegate.swift in Sources */,
			);
			runOnlyForDeploymentPostprocessing = 0;
		};
		CC5029F81F58C2A800B63C14 /* Sources */ = {
			isa = PBXSourcesBuildPhase;
			buildActionMask = 2147483647;
			files = (
				CC502A011F58C2A800B63C14 /* Hello_WorldTests.swift in Sources */,
			);
			runOnlyForDeploymentPostprocessing = 0;
		};
		CC502A031F58C2A800B63C14 /* Sources */ = {
			isa = PBXSourcesBuildPhase;
			buildActionMask = 2147483647;
			files = (
				CC502A0C1F58C2A800B63C14 /* Hello_WorldUITests.swift in Sources */,
			);
			runOnlyForDeploymentPostprocessing = 0;
		};
/* End PBXSourcesBuildPhase section */

/* Begin PBXTargetDependency section */
		CC5029FE1F58C2A800B63C14 /* PBXTargetDependency */ = {
			isa = PBXTargetDependency;
			target = CC5029E71F58C2A800B63C14 /* Hello World */;
			targetProxy = CC5029FD1F58C2A800B63C14 /* PBXContainerItemProxy */;
		};
		CC502A091F58C2A800B63C14 /* PBXTargetDependency */ = {
			isa = PBXTargetDependency;
			target = CC5029E71F58C2A800B63C14 /* Hello World */;
			targetProxy = CC502A081F58C2A800B63C14 /* PBXContainerItemProxy */;
		};
/* End PBXTargetDependency section */

/* Begin PBXVariantGroup section */
		CC5029EF1F58C2A800B63C14 /* Main.storyboard */ = {
			isa = PBXVariantGroup;
			children = (
				CC5029F01F58C2A800B63C14 /* Base */,
			);
			name = Main.storyboard;
			sourceTree = "<group>";
		};
		CC5029F41F58C2A800B63C14 /* LaunchScreen.storyboard */ = {
			isa = PBXVariantGroup;
			children = (
				CC5029F51F58C2A800B63C14 /* Base */,
			);
			name = LaunchScreen.storyboard;
			sourceTree = "<group>";
		};
/* End PBXVariantGroup section */

/* Begin XCBuildConfiguration section */
		CC502A0E1F58C2A800B63C14 /* Debug */ = {
			isa = XCBuildConfiguration;
			buildSettings = {
				ALWAYS_SEARCH_USER_PATHS = NO;
				CLANG_ANALYZER_NONNULL = YES;
				CLANG_ANALYZER_NUMBER_OBJECT_CONVERSION = YES_AGGRESSIVE;
				CLANG_CXX_LANGUAGE_STANDARD = "gnu++0x";
				CLANG_CXX_LIBRARY = "libc++";
				CLANG_ENABLE_MODULES = YES;
				CLANG_ENABLE_OBJC_ARC = YES;
				CLANG_WARN_BOOL_CONVERSION = YES;
				CLANG_WARN_CONSTANT_CONVERSION = YES;
				CLANG_WARN_DIRECT_OBJC_ISA_USAGE = YES_ERROR;
				CLANG_WARN_DOCUMENTATION_COMMENTS = YES;
				CLANG_WARN_EMPTY_BODY = YES;
				CLANG_WARN_ENUM_CONVERSION = YES;
				CLANG_WARN_INFINITE_RECURSION = YES;
				CLANG_WARN_INT_CONVERSION = YES;
				CLANG_WARN_OBJC_ROOT_CLASS = YES_ERROR;
				CLANG_WARN_SUSPICIOUS_MOVE = YES;
				CLANG_WARN_UNREACHABLE_CODE = YES;
				CLANG_WARN__DUPLICATE_METHOD_MATCH = YES;
				"CODE_SIGN_IDENTITY[sdk=iphoneos*]" = "iPhone Developer";
				COPY_PHASE_STRIP = NO;
				DEBUG_INFORMATION_FORMAT = dwarf;
				ENABLE_STRICT_OBJC_MSGSEND = YES;
				ENABLE_TESTABILITY = YES;
				GCC_C_LANGUAGE_STANDARD = gnu99;
				GCC_DYNAMIC_NO_PIC = NO;
				GCC_NO_COMMON_BLOCKS = YES;
				GCC_OPTIMIZATION_LEVEL = 0;
				GCC_PREPROCESSOR_DEFINITIONS = (
					"DEBUG=1",
					"$(inherited)",
				);
				GCC_WARN_64_TO_32_BIT_CONVERSION = YES;
				GCC_WARN_ABOUT_RETURN_TYPE = YES_ERROR;
				GCC_WARN_UNDECLARED_SELECTOR = YES;
				GCC_WARN_UNINITIALIZED_AUTOS = YES_AGGRESSIVE;
				GCC_WARN_UNUSED_FUNCTION = YES;
				GCC_WARN_UNUSED_VARIABLE = YES;
				IPHONEOS_DEPLOYMENT_TARGET = 10.3;
				MTL_ENABLE_DEBUG_INFO = YES;
				ONLY_ACTIVE_ARCH = YES;
				SDKROOT = iphoneos;
				SWIFT_ACTIVE_COMPILATION_CONDITIONS = DEBUG;
				SWIFT_OPTIMIZATION_LEVEL = "-Onone";
				TARGETED_DEVICE_FAMILY = "1,2";
			};
			name = Debug;
		};
		CC502A0F1F58C2A800B63C14 /* Release */ = {
			isa = XCBuildConfiguration;
			buildSettings = {
				ALWAYS_SEARCH_USER_PATHS = NO;
				CLANG_ANALYZER_NONNULL = YES;
				CLANG_ANALYZER_NUMBER_OBJECT_CONVERSION = YES_AGGRESSIVE;
				CLANG_CXX_LANGUAGE_STANDARD = "gnu++0x";
				CLANG_CXX_LIBRARY = "libc++";
				CLANG_ENABLE_MODULES = YES;
				CLANG_ENABLE_OBJC_ARC = YES;
				CLANG_WARN_BOOL_CONVERSION = YES;
				CLANG_WARN_CONSTANT_CONVERSION = YES;
				CLANG_WARN_DIRECT_OBJC_ISA_USAGE = YES_ERROR;
				CLANG_WARN_DOCUMENTATION_COMMENTS = YES;
				CLANG_WARN_EMPTY_BODY = YES;
				CLANG_WARN_ENUM_CONVERSION = YES;
				CLANG_WARN_INFINITE_RECURSION = YES;
				CLANG_WARN_INT_CONVERSION = YES;
				CLANG_WARN_OBJC_ROOT_CLASS = YES_ERROR;
				CLANG_WARN_SUSPICIOUS_MOVE = YES;
				CLANG_WARN_UNREACHABLE_CODE = YES;
				CLANG_WARN__DUPLICATE_METHOD_MATCH = YES;
				"CODE_SIGN_IDENTITY[sdk=iphoneos*]" = "iPhone Developer";
				COPY_PHASE_STRIP = NO;
				DEBUG_INFORMATION_FORMAT = "dwarf-with-dsym";
				ENABLE_NS_ASSERTIONS = NO;
				ENABLE_STRICT_OBJC_MSGSEND = YES;
				GCC_C_LANGUAGE_STANDARD = gnu99;
				GCC_NO_COMMON_BLOCKS = YES;
				GCC_WARN_64_TO_32_BIT_CONVERSION = YES;
				GCC_WARN_ABOUT_RETURN_TYPE = YES_ERROR;
				GCC_WARN_UNDECLARED_SELECTOR = YES;
				GCC_WARN_UNINITIALIZED_AUTOS = YES_AGGRESSIVE;
				GCC_WARN_UNUSED_FUNCTION = YES;
				GCC_WARN_UNUSED_VARIABLE = YES;
				IPHONEOS_DEPLOYMENT_TARGET = 10.3;
				MTL_ENABLE_DEBUG_INFO = NO;
				SDKROOT = iphoneos;
				SWIFT_OPTIMIZATION_LEVEL = "-Owholemodule";
				TARGETED_DEVICE_FAMILY = "1,2";
				VALIDATE_PRODUCT = YES;
			};
			name = Release;
		};
		CC502A111F58C2A800B63C14 /* Debug */ = {
			isa = XCBuildConfiguration;
			buildSettings = {
				ASSETCATALOG_COMPILER_APPICON_NAME = AppIcon;
				INFOPLIST_FILE = "Hello World/Info.plist";
				LD_RUNPATH_SEARCH_PATHS = "$(inherited) @executable_path/Frameworks";
				PRODUCT_BUNDLE_IDENTIFIER = "Kean.Hello-World";
				PRODUCT_NAME = "$(TARGET_NAME)";
				SWIFT_VERSION = 3.0;
			};
			name = Debug;
		};
		CC502A121F58C2A800B63C14 /* Release */ = {
			isa = XCBuildConfiguration;
			buildSettings = {
				ASSETCATALOG_COMPILER_APPICON_NAME = AppIcon;
				INFOPLIST_FILE = "Hello World/Info.plist";
				LD_RUNPATH_SEARCH_PATHS = "$(inherited) @executable_path/Frameworks";
				PRODUCT_BUNDLE_IDENTIFIER = "Kean.Hello-World";
				PRODUCT_NAME = "$(TARGET_NAME)";
				SWIFT_VERSION = 3.0;
			};
			name = Release;
		};
		CC502A141F58C2A800B63C14 /* Debug */ = {
			isa = XCBuildConfiguration;
			buildSettings = {
				ALWAYS_EMBED_SWIFT_STANDARD_LIBRARIES = YES;
				BUNDLE_LOADER = "$(TEST_HOST)";
				INFOPLIST_FILE = "Hello WorldTests/Info.plist";
				LD_RUNPATH_SEARCH_PATHS = "$(inherited) @executable_path/Frameworks @loader_path/Frameworks";
				PRODUCT_BUNDLE_IDENTIFIER = "Kean.Hello-WorldTests";
				PRODUCT_NAME = "$(TARGET_NAME)";
				SWIFT_VERSION = 3.0;
				TEST_HOST = "$(BUILT_PRODUCTS_DIR)/Hello World.app/Hello World";
			};
			name = Debug;
		};
		CC502A151F58C2A800B63C14 /* Release */ = {
			isa = XCBuildConfiguration;
			buildSettings = {
				ALWAYS_EMBED_SWIFT_STANDARD_LIBRARIES = YES;
				BUNDLE_LOADER = "$(TEST_HOST)";
				INFOPLIST_FILE = "Hello WorldTests/Info.plist";
				LD_RUNPATH_SEARCH_PATHS = "$(inherited) @executable_path/Frameworks @loader_path/Frameworks";
				PRODUCT_BUNDLE_IDENTIFIER = "Kean.Hello-WorldTests";
				PRODUCT_NAME = "$(TARGET_NAME)";
				SWIFT_VERSION = 3.0;
				TEST_HOST = "$(BUILT_PRODUCTS_DIR)/Hello World.app/Hello World";
			};
			name = Release;
		};
		CC502A171F58C2A800B63C14 /* Debug */ = {
			isa = XCBuildConfiguration;
			buildSettings = {
				ALWAYS_EMBED_SWIFT_STANDARD_LIBRARIES = YES;
				INFOPLIST_FILE = "Hello WorldUITests/Info.plist";
				LD_RUNPATH_SEARCH_PATHS = "$(inherited) @executable_path/Frameworks @loader_path/Frameworks";
				PRODUCT_BUNDLE_IDENTIFIER = "Kean.Hello-WorldUITests";
				PRODUCT_NAME = "$(TARGET_NAME)";
				SWIFT_VERSION = 3.0;
				TEST_TARGET_NAME = "Hello World";
			};
			name = Debug;
		};
		CC502A181F58C2A800B63C14 /* Release */ = {
			isa = XCBuildConfiguration;
			buildSettings = {
				ALWAYS_EMBED_SWIFT_STANDARD_LIBRARIES = YES;
				INFOPLIST_FILE = "Hello WorldUITests/Info.plist";
				LD_RUNPATH_SEARCH_PATHS = "$(inherited) @executable_path/Frameworks @loader_path/Frameworks";
				PRODUCT_BUNDLE_IDENTIFIER = "Kean.Hello-WorldUITests";
				PRODUCT_NAME = "$(TARGET_NAME)";
				SWIFT_VERSION = 3.0;
				TEST_TARGET_NAME = "Hello World";
			};
			name = Release;
		};
/* End XCBuildConfiguration section */

/* Begin XCConfigurationList section */
		CC5029E31F58C2A800B63C14 /* Build configuration list for PBXProject "Hello World" */ = {
			isa = XCConfigurationList;
			buildConfigurations = (
				CC502A0E1F58C2A800B63C14 /* Debug */,
				CC502A0F1F58C2A800B63C14 /* Release */,
			);
			defaultConfigurationIsVisible = 0;
			defaultConfigurationName = Release;
		};
		CC502A101F58C2A800B63C14 /* Build configuration list for PBXNativeTarget "Hello World" */ = {
			isa = XCConfigurationList;
			buildConfigurations = (
				CC502A111F58C2A800B63C14 /* Debug */,
				CC502A121F58C2A800B63C14 /* Release */,
			);
			defaultConfigurationIsVisible = 0;
		};
		CC502A131F58C2A800B63C14 /* Build configuration list for PBXNativeTarget "Hello WorldTests" */ = {
			isa = XCConfigurationList;
			buildConfigurations = (
				CC502A141F58C2A800B63C14 /* Debug */,
				CC502A151F58C2A800B63C14 /* Release */,
			);
			defaultConfigurationIsVisible = 0;
		};
		CC502A161F58C2A800B63C14 /* Build configuration list for PBXNativeTarget "Hello WorldUITests" */ = {
			isa = XCConfigurationList;
			buildConfigurations = (
				CC502A171F58C2A800B63C14 /* Debug */,
				CC502A181F58C2A800B63C14 /* Release */,
			);
			defaultConfigurationIsVisible = 0;
		};
/* End XCConfigurationList section */
	};
	rootObject = CC5029E01F58C2A800B63C14 /* Project object */;
}
